
Microsoft Visual Studio Solution File, Format Version 12.00
# Visual Studio 15
VisualStudioVersion = 15.0.26730.12
MinimumVisualStudioVersion = 10.0.40219.1
Project("{FAE04EC0-301F-11D3-BF4B-00C04F79EFBC}") = "Countr.Droid", "Countr.Droid\Countr.Droid.csproj", "{B4FF4BE7-2580-4038-958F-D0502F2F4D81}"
EndProject
Project("{9A19103F-16F7-4668-BE54-9A1E7A4F7556}") = "Countr.Core", "Countr.Core\Countr.Core.csproj", "{E389CDB0-2C23-424E-80EB-5FDBCBE383C6}"
EndProject
Project("{FAE04EC0-301F-11D3-BF4B-00C04F79EFBC}") = "Countr.iOS", "Countr.iOS\Countr.iOS.csproj", "{946AB7A8-E58F-4EB8-9B3F-676F03A2DDA3}"
EndProject
Project("{FAE04EC0-301F-11D3-BF4B-00C04F79EFBC}") = "Countr.UWP", "Countr.UWP\Countr.UWP.csproj", "{B430C2B3-46E7-43CD-BA63-EB6559CBBD2F}"
EndProject
Project("{FAE04EC0-301F-11D3-BF4B-00C04F79EFBC}") = "Countr.WPF", "Countr.WPF\Countr.WPF.csproj", "{B16BB78D-7625-450B-92E7-FBB9EED1F5C0}"
EndProject
Global
	GlobalSection(SolutionConfigurationPlatforms) = preSolution
		Ad-Hoc|Any CPU = Ad-Hoc|Any CPU
		Ad-Hoc|ARM = Ad-Hoc|ARM
		Ad-Hoc|iPhone = Ad-Hoc|iPhone
		Ad-Hoc|iPhoneSimulator = Ad-Hoc|iPhoneSimulator
		Ad-Hoc|x64 = Ad-Hoc|x64
		Ad-Hoc|x86 = Ad-Hoc|x86
		AppStore|Any CPU = AppStore|Any CPU
		AppStore|ARM = AppStore|ARM
		AppStore|iPhone = AppStore|iPhone
		AppStore|iPhoneSimulator = AppStore|iPhoneSimulator
		AppStore|x64 = AppStore|x64
		AppStore|x86 = AppStore|x86
		Debug|Any CPU = Debug|Any CPU
		Debug|ARM = Debug|ARM
		Debug|iPhone = Debug|iPhone
		Debug|iPhoneSimulator = Debug|iPhoneSimulator
		Debug|x64 = Debug|x64
		Debug|x86 = Debug|x86
		Release|Any CPU = Release|Any CPU
		Release|ARM = Release|ARM
		Release|iPhone = Release|iPhone
		Release|iPhoneSimulator = Release|iPhoneSimulator
		Release|x64 = Release|x64
		Release|x86 = Release|x86
	EndGlobalSection
	GlobalSection(ProjectConfigurationPlatforms) = postSolution
		{B4FF4BE7-2580-4038-958F-D0502F2F4D81}.Ad-Hoc|Any CPU.ActiveCfg = Release|Any CPU
		{B4FF4BE7-2580-4038-958F-D0502F2F4D81}.Ad-Hoc|Any CPU.Build.0 = Release|Any CPU
		{B4FF4BE7-2580-4038-958F-D0502F2F4D81}.Ad-Hoc|Any CPU.Deploy.0 = Release|Any CPU
		{B4FF4BE7-2580-4038-958F-D0502F2F4D81}.Ad-Hoc|ARM.ActiveCfg = Release|Any CPU
		{B4FF4BE7-2580-4038-958F-D0502F2F4D81}.Ad-Hoc|ARM.Build.0 = Release|Any CPU
		{B4FF4BE7-2580-4038-958F-D0502F2F4D81}.Ad-Hoc|ARM.Deploy.0 = Release|Any CPU
		{B4FF4BE7-2580-4038-958F-D0502F2F4D81}.Ad-Hoc|iPhone.ActiveCfg = Release|Any CPU
		{B4FF4BE7-2580-4038-958F-D0502F2F4D81}.Ad-Hoc|iPhone.Build.0 = Release|Any CPU
		{B4FF4BE7-2580-4038-958F-D0502F2F4D81}.Ad-Hoc|iPhone.Deploy.0 = Release|Any CPU
		{B4FF4BE7-2580-4038-958F-D0502F2F4D81}.Ad-Hoc|iPhoneSimulator.ActiveCfg = Release|Any CPU
		{B4FF4BE7-2580-4038-958F-D0502F2F4D81}.Ad-Hoc|iPhoneSimulator.Build.0 = Release|Any CPU
		{B4FF4BE7-2580-4038-958F-D0502F2F4D81}.Ad-Hoc|iPhoneSimulator.Deploy.0 = Release|Any CPU
		{B4FF4BE7-2580-4038-958F-D0502F2F4D81}.Ad-Hoc|x64.ActiveCfg = Release|Any CPU
		{B4FF4BE7-2580-4038-958F-D0502F2F4D81}.Ad-Hoc|x64.Build.0 = Release|Any CPU
		{B4FF4BE7-2580-4038-958F-D0502F2F4D81}.Ad-Hoc|x64.Deploy.0 = Release|Any CPU
		{B4FF4BE7-2580-4038-958F-D0502F2F4D81}.Ad-Hoc|x86.ActiveCfg = Release|Any CPU
		{B4FF4BE7-2580-4038-958F-D0502F2F4D81}.Ad-Hoc|x86.Build.0 = Release|Any CPU
		{B4FF4BE7-2580-4038-958F-D0502F2F4D81}.Ad-Hoc|x86.Deploy.0 = Release|Any CPU
		{B4FF4BE7-2580-4038-958F-D0502F2F4D81}.AppStore|Any CPU.ActiveCfg = Release|Any CPU
		{B4FF4BE7-2580-4038-958F-D0502F2F4D81}.AppStore|Any CPU.Build.0 = Release|Any CPU
		{B4FF4BE7-2580-4038-958F-D0502F2F4D81}.AppStore|Any CPU.Deploy.0 = Release|Any CPU
		{B4FF4BE7-2580-4038-958F-D0502F2F4D81}.AppStore|ARM.ActiveCfg = Release|Any CPU
		{B4FF4BE7-2580-4038-958F-D0502F2F4D81}.AppStore|ARM.Build.0 = Release|Any CPU
		{B4FF4BE7-2580-4038-958F-D0502F2F4D81}.AppStore|ARM.Deploy.0 = Release|Any CPU
		{B4FF4BE7-2580-4038-958F-D0502F2F4D81}.AppStore|iPhone.ActiveCfg = Release|Any CPU
		{B4FF4BE7-2580-4038-958F-D0502F2F4D81}.AppStore|iPhone.Build.0 = Release|Any CPU
		{B4FF4BE7-2580-4038-958F-D0502F2F4D81}.AppStore|iPhone.Deploy.0 = Release|Any CPU
		{B4FF4BE7-2580-4038-958F-D0502F2F4D81}.AppStore|iPhoneSimulator.ActiveCfg = Release|Any CPU
		{B4FF4BE7-2580-4038-958F-D0502F2F4D81}.AppStore|iPhoneSimulator.Build.0 = Release|Any CPU
		{B4FF4BE7-2580-4038-958F-D0502F2F4D81}.AppStore|iPhoneSimulator.Deploy.0 = Release|Any CPU
		{B4FF4BE7-2580-4038-958F-D0502F2F4D81}.AppStore|x64.ActiveCfg = Release|Any CPU
		{B4FF4BE7-2580-4038-958F-D0502F2F4D81}.AppStore|x64.Build.0 = Release|Any CPU
		{B4FF4BE7-2580-4038-958F-D0502F2F4D81}.AppStore|x64.Deploy.0 = Release|Any CPU
		{B4FF4BE7-2580-4038-958F-D0502F2F4D81}.AppStore|x86.ActiveCfg = Release|Any CPU
		{B4FF4BE7-2580-4038-958F-D0502F2F4D81}.AppStore|x86.Build.0 = Release|Any CPU
		{B4FF4BE7-2580-4038-958F-D0502F2F4D81}.AppStore|x86.Deploy.0 = Release|Any CPU
		{B4FF4BE7-2580-4038-958F-D0502F2F4D81}.Debug|Any CPU.ActiveCfg = Debug|Any CPU
		{B4FF4BE7-2580-4038-958F-D0502F2F4D81}.Debug|Any CPU.Build.0 = Debug|Any CPU
		{B4FF4BE7-2580-4038-958F-D0502F2F4D81}.Debug|ARM.ActiveCfg = Debug|Any CPU
		{B4FF4BE7-2580-4038-958F-D0502F2F4D81}.Debug|ARM.Build.0 = Debug|Any CPU
		{B4FF4BE7-2580-4038-958F-D0502F2F4D81}.Debug|ARM.Deploy.0 = Debug|Any CPU
		{B4FF4BE7-2580-4038-958F-D0502F2F4D81}.Debug|iPhone.ActiveCfg = Debug|Any CPU
		{B4FF4BE7-2580-4038-958F-D0502F2F4D81}.Debug|iPhone.Build.0 = Debug|Any CPU
		{B4FF4BE7-2580-4038-958F-D0502F2F4D81}.Debug|iPhone.Deploy.0 = Debug|Any CPU
		{B4FF4BE7-2580-4038-958F-D0502F2F4D81}.Debug|iPhoneSimulator.ActiveCfg = Debug|Any CPU
		{B4FF4BE7-2580-4038-958F-D0502F2F4D81}.Debug|iPhoneSimulator.Build.0 = Debug|Any CPU
		{B4FF4BE7-2580-4038-958F-D0502F2F4D81}.Debug|iPhoneSimulator.Deploy.0 = Debug|Any CPU
		{B4FF4BE7-2580-4038-958F-D0502F2F4D81}.Debug|x64.ActiveCfg = Debug|Any CPU
		{B4FF4BE7-2580-4038-958F-D0502F2F4D81}.Debug|x64.Build.0 = Debug|Any CPU
		{B4FF4BE7-2580-4038-958F-D0502F2F4D81}.Debug|x64.Deploy.0 = Debug|Any CPU
		{B4FF4BE7-2580-4038-958F-D0502F2F4D81}.Debug|x86.ActiveCfg = Debug|Any CPU
		{B4FF4BE7-2580-4038-958F-D0502F2F4D81}.Debug|x86.Build.0 = Debug|Any CPU
		{B4FF4BE7-2580-4038-958F-D0502F2F4D81}.Debug|x86.Deploy.0 = Debug|Any CPU
		{B4FF4BE7-2580-4038-958F-D0502F2F4D81}.Release|Any CPU.ActiveCfg = Release|Any CPU
		{B4FF4BE7-2580-4038-958F-D0502F2F4D81}.Release|ARM.ActiveCfg = Release|Any CPU
		{B4FF4BE7-2580-4038-958F-D0502F2F4D81}.Release|ARM.Build.0 = Release|Any CPU
		{B4FF4BE7-2580-4038-958F-D0502F2F4D81}.Release|ARM.Deploy.0 = Release|Any CPU
		{B4FF4BE7-2580-4038-958F-D0502F2F4D81}.Release|iPhone.ActiveCfg = Release|Any CPU
		{B4FF4BE7-2580-4038-958F-D0502F2F4D81}.Release|iPhone.Build.0 = Release|Any CPU
		{B4FF4BE7-2580-4038-958F-D0502F2F4D81}.Release|iPhone.Deploy.0 = Release|Any CPU
		{B4FF4BE7-2580-4038-958F-D0502F2F4D81}.Release|iPhoneSimulator.ActiveCfg = Release|Any CPU
		{B4FF4BE7-2580-4038-958F-D0502F2F4D81}.Release|iPhoneSimulator.Build.0 = Release|Any CPU
		{B4FF4BE7-2580-4038-958F-D0502F2F4D81}.Release|iPhoneSimulator.Deploy.0 = Release|Any CPU
		{B4FF4BE7-2580-4038-958F-D0502F2F4D81}.Release|x64.ActiveCfg = Release|Any CPU
		{B4FF4BE7-2580-4038-958F-D0502F2F4D81}.Release|x64.Build.0 = Release|Any CPU
		{B4FF4BE7-2580-4038-958F-D0502F2F4D81}.Release|x64.Deploy.0 = Release|Any CPU
		{B4FF4BE7-2580-4038-958F-D0502F2F4D81}.Release|x86.ActiveCfg = Release|Any CPU
		{B4FF4BE7-2580-4038-958F-D0502F2F4D81}.Release|x86.Build.0 = Release|Any CPU
		{B4FF4BE7-2580-4038-958F-D0502F2F4D81}.Release|x86.Deploy.0 = Release|Any CPU
		{E389CDB0-2C23-424E-80EB-5FDBCBE383C6}.Ad-Hoc|Any CPU.ActiveCfg = Release|Any CPU
		{E389CDB0-2C23-424E-80EB-5FDBCBE383C6}.Ad-Hoc|Any CPU.Build.0 = Release|Any CPU
		{E389CDB0-2C23-424E-80EB-5FDBCBE383C6}.Ad-Hoc|ARM.ActiveCfg = Release|Any CPU
		{E389CDB0-2C23-424E-80EB-5FDBCBE383C6}.Ad-Hoc|ARM.Build.0 = Release|Any CPU
		{E389CDB0-2C23-424E-80EB-5FDBCBE383C6}.Ad-Hoc|iPhone.ActiveCfg = Release|Any CPU
		{E389CDB0-2C23-424E-80EB-5FDBCBE383C6}.Ad-Hoc|iPhone.Build.0 = Release|Any CPU
		{E389CDB0-2C23-424E-80EB-5FDBCBE383C6}.Ad-Hoc|iPhoneSimulator.ActiveCfg = Release|Any CPU
		{E389CDB0-2C23-424E-80EB-5FDBCBE383C6}.Ad-Hoc|iPhoneSimulator.Build.0 = Release|Any CPU
		{E389CDB0-2C23-424E-80EB-5FDBCBE383C6}.Ad-Hoc|x64.ActiveCfg = Release|Any CPU
		{E389CDB0-2C23-424E-80EB-5FDBCBE383C6}.Ad-Hoc|x64.Build.0 = Release|Any CPU
		{E389CDB0-2C23-424E-80EB-5FDBCBE383C6}.Ad-Hoc|x86.ActiveCfg = Release|Any CPU
		{E389CDB0-2C23-424E-80EB-5FDBCBE383C6}.Ad-Hoc|x86.Build.0 = Release|Any CPU
		{E389CDB0-2C23-424E-80EB-5FDBCBE383C6}.AppStore|Any CPU.ActiveCfg = Release|Any CPU
		{E389CDB0-2C23-424E-80EB-5FDBCBE383C6}.AppStore|Any CPU.Build.0 = Release|Any CPU
		{E389CDB0-2C23-424E-80EB-5FDBCBE383C6}.AppStore|ARM.ActiveCfg = Release|Any CPU
		{E389CDB0-2C23-424E-80EB-5FDBCBE383C6}.AppStore|ARM.Build.0 = Release|Any CPU
		{E389CDB0-2C23-424E-80EB-5FDBCBE383C6}.AppStore|iPhone.ActiveCfg = Release|Any CPU
		{E389CDB0-2C23-424E-80EB-5FDBCBE383C6}.AppStore|iPhone.Build.0 = Release|Any CPU
		{E389CDB0-2C23-424E-80EB-5FDBCBE383C6}.AppStore|iPhoneSimulator.ActiveCfg = Release|Any CPU
		{E389CDB0-2C23-424E-80EB-5FDBCBE383C6}.AppStore|iPhoneSimulator.Build.0 = Release|Any CPU
		{E389CDB0-2C23-424E-80EB-5FDBCBE383C6}.AppStore|x64.ActiveCfg = Release|Any CPU
		{E389CDB0-2C23-424E-80EB-5FDBCBE383C6}.AppStore|x64.Build.0 = Release|Any CPU
		{E389CDB0-2C23-424E-80EB-5FDBCBE383C6}.AppStore|x86.ActiveCfg = Release|Any CPU
		{E389CDB0-2C23-424E-80EB-5FDBCBE383C6}.AppStore|x86.Build.0 = Release|Any CPU
		{E389CDB0-2C23-424E-80EB-5FDBCBE383C6}.Debug|Any CPU.ActiveCfg = Debug|Any CPU
		{E389CDB0-2C23-424E-80EB-5FDBCBE383C6}.Debug|Any CPU.Build.0 = Debug|Any CPU
		{E389CDB0-2C23-424E-80EB-5FDBCBE383C6}.Debug|ARM.ActiveCfg = Debug|Any CPU
		{E389CDB0-2C23-424E-80EB-5FDBCBE383C6}.Debug|ARM.Build.0 = Debug|Any CPU
		{E389CDB0-2C23-424E-80EB-5FDBCBE383C6}.Debug|iPhone.ActiveCfg = Debug|Any CPU
		{E389CDB0-2C23-424E-80EB-5FDBCBE383C6}.Debug|iPhone.Build.0 = Debug|Any CPU
		{E389CDB0-2C23-424E-80EB-5FDBCBE383C6}.Debug|iPhoneSimulator.ActiveCfg = Debug|Any CPU
		{E389CDB0-2C23-424E-80EB-5FDBCBE383C6}.Debug|iPhoneSimulator.Build.0 = Debug|Any CPU
		{E389CDB0-2C23-424E-80EB-5FDBCBE383C6}.Debug|x64.ActiveCfg = Debug|Any CPU
		{E389CDB0-2C23-424E-80EB-5FDBCBE383C6}.Debug|x64.Build.0 = Debug|Any CPU
		{E389CDB0-2C23-424E-80EB-5FDBCBE383C6}.Debug|x86.ActiveCfg = Debug|Any CPU
		{E389CDB0-2C23-424E-80EB-5FDBCBE383C6}.Debug|x86.Build.0 = Debug|Any CPU
		{E389CDB0-2C23-424E-80EB-5FDBCBE383C6}.Release|Any CPU.ActiveCfg = Release|Any CPU
		{E389CDB0-2C23-424E-80EB-5FDBCBE383C6}.Release|ARM.ActiveCfg = Release|Any CPU
		{E389CDB0-2C23-424E-80EB-5FDBCBE383C6}.Release|ARM.Build.0 = Release|Any CPU
		{E389CDB0-2C23-424E-80EB-5FDBCBE383C6}.Release|iPhone.ActiveCfg = Release|Any CPU
		{E389CDB0-2C23-424E-80EB-5FDBCBE383C6}.Release|iPhone.Build.0 = Release|Any CPU
		{E389CDB0-2C23-424E-80EB-5FDBCBE383C6}.Release|iPhoneSimulator.ActiveCfg = Release|Any CPU
		{E389CDB0-2C23-424E-80EB-5FDBCBE383C6}.Release|iPhoneSimulator.Build.0 = Release|Any CPU
		{E389CDB0-2C23-424E-80EB-5FDBCBE383C6}.Release|x64.ActiveCfg = Release|Any CPU
		{E389CDB0-2C23-424E-80EB-5FDBCBE383C6}.Release|x64.Build.0 = Release|Any CPU
		{E389CDB0-2C23-424E-80EB-5FDBCBE383C6}.Release|x86.ActiveCfg = Release|Any CPU
		{E389CDB0-2C23-424E-80EB-5FDBCBE383C6}.Release|x86.Build.0 = Release|Any CPU
		{946AB7A8-E58F-4EB8-9B3F-676F03A2DDA3}.Ad-Hoc|Any CPU.ActiveCfg = Ad-Hoc|iPhone
		{946AB7A8-E58F-4EB8-9B3F-676F03A2DDA3}.Ad-Hoc|ARM.ActiveCfg = Ad-Hoc|iPhone
		{946AB7A8-E58F-4EB8-9B3F-676F03A2DDA3}.Ad-Hoc|iPhone.ActiveCfg = Ad-Hoc|iPhone
		{946AB7A8-E58F-4EB8-9B3F-676F03A2DDA3}.Ad-Hoc|iPhone.Build.0 = Ad-Hoc|iPhone
		{946AB7A8-E58F-4EB8-9B3F-676F03A2DDA3}.Ad-Hoc|iPhoneSimulator.ActiveCfg = Ad-Hoc|iPhoneSimulator
		{946AB7A8-E58F-4EB8-9B3F-676F03A2DDA3}.Ad-Hoc|iPhoneSimulator.Build.0 = Ad-Hoc|iPhoneSimulator
		{946AB7A8-E58F-4EB8-9B3F-676F03A2DDA3}.Ad-Hoc|x64.ActiveCfg = Ad-Hoc|iPhone
		{946AB7A8-E58F-4EB8-9B3F-676F03A2DDA3}.Ad-Hoc|x86.ActiveCfg = Ad-Hoc|iPhone
		{946AB7A8-E58F-4EB8-9B3F-676F03A2DDA3}.AppStore|Any CPU.ActiveCfg = AppStore|iPhone
		{946AB7A8-E58F-4EB8-9B3F-676F03A2DDA3}.AppStore|ARM.ActiveCfg = AppStore|iPhone
		{946AB7A8-E58F-4EB8-9B3F-676F03A2DDA3}.AppStore|iPhone.ActiveCfg = AppStore|iPhone
		{946AB7A8-E58F-4EB8-9B3F-676F03A2DDA3}.AppStore|iPhone.Build.0 = AppStore|iPhone
		{946AB7A8-E58F-4EB8-9B3F-676F03A2DDA3}.AppStore|iPhoneSimulator.ActiveCfg = AppStore|iPhoneSimulator
		{946AB7A8-E58F-4EB8-9B3F-676F03A2DDA3}.AppStore|iPhoneSimulator.Build.0 = AppStore|iPhoneSimulator
		{946AB7A8-E58F-4EB8-9B3F-676F03A2DDA3}.AppStore|x64.ActiveCfg = AppStore|iPhone
		{946AB7A8-E58F-4EB8-9B3F-676F03A2DDA3}.AppStore|x86.ActiveCfg = AppStore|iPhone
		{946AB7A8-E58F-4EB8-9B3F-676F03A2DDA3}.Debug|Any CPU.ActiveCfg = Debug|iPhoneSimulator
		{946AB7A8-E58F-4EB8-9B3F-676F03A2DDA3}.Debug|Any CPU.Build.0 = Debug|iPhoneSimulator
		{946AB7A8-E58F-4EB8-9B3F-676F03A2DDA3}.Debug|ARM.ActiveCfg = Debug|iPhone
		{946AB7A8-E58F-4EB8-9B3F-676F03A2DDA3}.Debug|iPhone.ActiveCfg = Debug|iPhone
		{946AB7A8-E58F-4EB8-9B3F-676F03A2DDA3}.Debug|iPhone.Build.0 = Debug|iPhone
		{946AB7A8-E58F-4EB8-9B3F-676F03A2DDA3}.Debug|iPhoneSimulator.ActiveCfg = Debug|iPhoneSimulator
		{946AB7A8-E58F-4EB8-9B3F-676F03A2DDA3}.Debug|iPhoneSimulator.Build.0 = Debug|iPhoneSimulator
		{946AB7A8-E58F-4EB8-9B3F-676F03A2DDA3}.Debug|x64.ActiveCfg = Debug|iPhone
		{946AB7A8-E58F-4EB8-9B3F-676F03A2DDA3}.Debug|x86.ActiveCfg = Debug|iPhone
		{946AB7A8-E58F-4EB8-9B3F-676F03A2DDA3}.Release|Any CPU.ActiveCfg = Release|iPhone
		{946AB7A8-E58F-4EB8-9B3F-676F03A2DDA3}.Release|ARM.ActiveCfg = Release|iPhone
		{946AB7A8-E58F-4EB8-9B3F-676F03A2DDA3}.Release|iPhone.ActiveCfg = Release|iPhone
		{946AB7A8-E58F-4EB8-9B3F-676F03A2DDA3}.Release|iPhone.Build.0 = Release|iPhone
		{946AB7A8-E58F-4EB8-9B3F-676F03A2DDA3}.Release|iPhoneSimulator.ActiveCfg = Release|iPhoneSimulator
		{946AB7A8-E58F-4EB8-9B3F-676F03A2DDA3}.Release|iPhoneSimulator.Build.0 = Release|iPhoneSimulator
		{946AB7A8-E58F-4EB8-9B3F-676F03A2DDA3}.Release|x64.ActiveCfg = Release|iPhone
		{946AB7A8-E58F-4EB8-9B3F-676F03A2DDA3}.Release|x86.ActiveCfg = Release|iPhone
		{B430C2B3-46E7-43CD-BA63-EB6559CBBD2F}.Ad-Hoc|Any CPU.ActiveCfg = Release|x64
		{B430C2B3-46E7-43CD-BA63-EB6559CBBD2F}.Ad-Hoc|Any CPU.Build.0 = Release|x64
		{B430C2B3-46E7-43CD-BA63-EB6559CBBD2F}.Ad-Hoc|Any CPU.Deploy.0 = Release|x64
		{B430C2B3-46E7-43CD-BA63-EB6559CBBD2F}.Ad-Hoc|ARM.ActiveCfg = Release|ARM
		{B430C2B3-46E7-43CD-BA63-EB6559CBBD2F}.Ad-Hoc|ARM.Build.0 = Release|ARM
		{B430C2B3-46E7-43CD-BA63-EB6559CBBD2F}.Ad-Hoc|ARM.Deploy.0 = Release|ARM
		{B430C2B3-46E7-43CD-BA63-EB6559CBBD2F}.Ad-Hoc|iPhone.ActiveCfg = Release|x64
		{B430C2B3-46E7-43CD-BA63-EB6559CBBD2F}.Ad-Hoc|iPhone.Build.0 = Release|x64
		{B430C2B3-46E7-43CD-BA63-EB6559CBBD2F}.Ad-Hoc|iPhone.Deploy.0 = Release|x64
		{B430C2B3-46E7-43CD-BA63-EB6559CBBD2F}.Ad-Hoc|iPhoneSimulator.ActiveCfg = Release|x64
		{B430C2B3-46E7-43CD-BA63-EB6559CBBD2F}.Ad-Hoc|iPhoneSimulator.Build.0 = Release|x64
		{B430C2B3-46E7-43CD-BA63-EB6559CBBD2F}.Ad-Hoc|iPhoneSimulator.Deploy.0 = Release|x64
		{B430C2B3-46E7-43CD-BA63-EB6559CBBD2F}.Ad-Hoc|x64.ActiveCfg = Release|x64
		{B430C2B3-46E7-43CD-BA63-EB6559CBBD2F}.Ad-Hoc|x64.Build.0 = Release|x64
		{B430C2B3-46E7-43CD-BA63-EB6559CBBD2F}.Ad-Hoc|x64.Deploy.0 = Release|x64
		{B430C2B3-46E7-43CD-BA63-EB6559CBBD2F}.Ad-Hoc|x86.ActiveCfg = Release|x86
		{B430C2B3-46E7-43CD-BA63-EB6559CBBD2F}.Ad-Hoc|x86.Build.0 = Release|x86
		{B430C2B3-46E7-43CD-BA63-EB6559CBBD2F}.Ad-Hoc|x86.Deploy.0 = Release|x86
		{B430C2B3-46E7-43CD-BA63-EB6559CBBD2F}.AppStore|Any CPU.ActiveCfg = Release|x64
		{B430C2B3-46E7-43CD-BA63-EB6559CBBD2F}.AppStore|Any CPU.Build.0 = Release|x64
		{B430C2B3-46E7-43CD-BA63-EB6559CBBD2F}.AppStore|Any CPU.Deploy.0 = Release|x64
		{B430C2B3-46E7-43CD-BA63-EB6559CBBD2F}.AppStore|ARM.ActiveCfg = Release|ARM
		{B430C2B3-46E7-43CD-BA63-EB6559CBBD2F}.AppStore|ARM.Build.0 = Release|ARM
		{B430C2B3-46E7-43CD-BA63-EB6559CBBD2F}.AppStore|ARM.Deploy.0 = Release|ARM
		{B430C2B3-46E7-43CD-BA63-EB6559CBBD2F}.AppStore|iPhone.ActiveCfg = Release|x64
		{B430C2B3-46E7-43CD-BA63-EB6559CBBD2F}.AppStore|iPhone.Build.0 = Release|x64
		{B430C2B3-46E7-43CD-BA63-EB6559CBBD2F}.AppStore|iPhone.Deploy.0 = Release|x64
		{B430C2B3-46E7-43CD-BA63-EB6559CBBD2F}.AppStore|iPhoneSimulator.ActiveCfg = Release|x64
		{B430C2B3-46E7-43CD-BA63-EB6559CBBD2F}.AppStore|iPhoneSimulator.Build.0 = Release|x64
		{B430C2B3-46E7-43CD-BA63-EB6559CBBD2F}.AppStore|iPhoneSimulator.Deploy.0 = Release|x64
		{B430C2B3-46E7-43CD-BA63-EB6559CBBD2F}.AppStore|x64.ActiveCfg = Release|x64
		{B430C2B3-46E7-43CD-BA63-EB6559CBBD2F}.AppStore|x64.Build.0 = Release|x64
		{B430C2B3-46E7-43CD-BA63-EB6559CBBD2F}.AppStore|x64.Deploy.0 = Release|x64
		{B430C2B3-46E7-43CD-BA63-EB6559CBBD2F}.AppStore|x86.ActiveCfg = Release|x86
		{B430C2B3-46E7-43CD-BA63-EB6559CBBD2F}.AppStore|x86.Build.0 = Release|x86
		{B430C2B3-46E7-43CD-BA63-EB6559CBBD2F}.AppStore|x86.Deploy.0 = Release|x86
		{B430C2B3-46E7-43CD-BA63-EB6559CBBD2F}.Debug|Any CPU.ActiveCfg = Debug|x86
		{B430C2B3-46E7-43CD-BA63-EB6559CBBD2F}.Debug|ARM.ActiveCfg = Debug|ARM
		{B430C2B3-46E7-43CD-BA63-EB6559CBBD2F}.Debug|ARM.Build.0 = Debug|ARM
		{B430C2B3-46E7-43CD-BA63-EB6559CBBD2F}.Debug|ARM.Deploy.0 = Debug|ARM
		{B430C2B3-46E7-43CD-BA63-EB6559CBBD2F}.Debug|iPhone.ActiveCfg = Debug|x86
		{B430C2B3-46E7-43CD-BA63-EB6559CBBD2F}.Debug|iPhoneSimulator.ActiveCfg = Debug|x86
		{B430C2B3-46E7-43CD-BA63-EB6559CBBD2F}.Debug|x64.ActiveCfg = Debug|x64
		{B430C2B3-46E7-43CD-BA63-EB6559CBBD2F}.Debug|x64.Build.0 = Debug|x64
		{B430C2B3-46E7-43CD-BA63-EB6559CBBD2F}.Debug|x64.Deploy.0 = Debug|x64
		{B430C2B3-46E7-43CD-BA63-EB6559CBBD2F}.Debug|x86.ActiveCfg = Debug|x86
		{B430C2B3-46E7-43CD-BA63-EB6559CBBD2F}.Debug|x86.Build.0 = Debug|x86
		{B430C2B3-46E7-43CD-BA63-EB6559CBBD2F}.Debug|x86.Deploy.0 = Debug|x86
		{B430C2B3-46E7-43CD-BA63-EB6559CBBD2F}.Release|Any CPU.ActiveCfg = Release|x86
		{B430C2B3-46E7-43CD-BA63-EB6559CBBD2F}.Release|ARM.ActiveCfg = Release|ARM
		{B430C2B3-46E7-43CD-BA63-EB6559CBBD2F}.Release|ARM.Build.0 = Release|ARM
		{B430C2B3-46E7-43CD-BA63-EB6559CBBD2F}.Release|ARM.Deploy.0 = Release|ARM
		{B430C2B3-46E7-43CD-BA63-EB6559CBBD2F}.Release|iPhone.ActiveCfg = Release|x86
		{B430C2B3-46E7-43CD-BA63-EB6559CBBD2F}.Release|iPhoneSimulator.ActiveCfg = Release|x86
		{B430C2B3-46E7-43CD-BA63-EB6559CBBD2F}.Release|x64.ActiveCfg = Release|x64
		{B430C2B3-46E7-43CD-BA63-EB6559CBBD2F}.Release|x64.Build.0 = Release|x64
		{B430C2B3-46E7-43CD-BA63-EB6559CBBD2F}.Release|x64.Deploy.0 = Release|x64
		{B430C2B3-46E7-43CD-BA63-EB6559CBBD2F}.Release|x86.ActiveCfg = Release|x86
		{B430C2B3-46E7-43CD-BA63-EB6559CBBD2F}.Release|x86.Build.0 = Release|x86
		{B430C2B3-46E7-43CD-BA63-EB6559CBBD2F}.Release|x86.Deploy.0 = Release|x86
		{B16BB78D-7625-450B-92E7-FBB9EED1F5C0}.Ad-Hoc|Any CPU.ActiveCfg = Release|Any CPU
		{B16BB78D-7625-450B-92E7-FBB9EED1F5C0}.Ad-Hoc|Any CPU.Build.0 = Release|Any CPU
		{B16BB78D-7625-450B-92E7-FBB9EED1F5C0}.Ad-Hoc|ARM.ActiveCfg = Release|Any CPU
		{B16BB78D-7625-450B-92E7-FBB9EED1F5C0}.Ad-Hoc|ARM.Build.0 = Release|Any CPU
		{B16BB78D-7625-450B-92E7-FBB9EED1F5C0}.Ad-Hoc|iPhone.ActiveCfg = Release|Any CPU
		{B16BB78D-7625-450B-92E7-FBB9EED1F5C0}.Ad-Hoc|iPhone.Build.0 = Release|Any CPU
		{B16BB78D-7625-450B-92E7-FBB9EED1F5C0}.Ad-Hoc|iPhoneSimulator.ActiveCfg = Release|Any CPU
		{B16BB78D-7625-450B-92E7-FBB9EED1F5C0}.Ad-Hoc|iPhoneSimulator.Build.0 = Release|Any CPU
		{B16BB78D-7625-450B-92E7-FBB9EED1F5C0}.Ad-Hoc|x64.ActiveCfg = Release|Any CPU
		{B16BB78D-7625-450B-92E7-FBB9EED1F5C0}.Ad-Hoc|x64.Build.0 = Release|Any CPU
		{B16BB78D-7625-450B-92E7-FBB9EED1F5C0}.Ad-Hoc|x86.ActiveCfg = Release|Any CPU
		{B16BB78D-7625-450B-92E7-FBB9EED1F5C0}.Ad-Hoc|x86.Build.0 = Release|Any CPU
		{B16BB78D-7625-450B-92E7-FBB9EED1F5C0}.AppStore|Any CPU.ActiveCfg = Release|Any CPU
		{B16BB78D-7625-450B-92E7-FBB9EED1F5C0}.AppStore|Any CPU.Build.0 = Release|Any CPU
		{B16BB78D-7625-450B-92E7-FBB9EED1F5C0}.AppStore|ARM.ActiveCfg = Release|Any CPU
		{B16BB78D-7625-450B-92E7-FBB9EED1F5C0}.AppStore|ARM.Build.0 = Release|Any CPU
		{B16BB78D-7625-450B-92E7-FBB9EED1F5C0}.AppStore|iPhone.ActiveCfg = Release|Any CPU
		{B16BB78D-7625-450B-92E7-FBB9EED1F5C0}.AppStore|iPhone.Build.0 = Release|Any CPU
		{B16BB78D-7625-450B-92E7-FBB9EED1F5C0}.AppStore|iPhoneSimulator.ActiveCfg = Release|Any CPU
		{B16BB78D-7625-450B-92E7-FBB9EED1F5C0}.AppStore|iPhoneSimulator.Build.0 = Release|Any CPU
		{B16BB78D-7625-450B-92E7-FBB9EED1F5C0}.AppStore|x64.ActiveCfg = Release|Any CPU
		{B16BB78D-7625-450B-92E7-FBB9EED1F5C0}.AppStore|x64.Build.0 = Release|Any CPU
		{B16BB78D-7625-450B-92E7-FBB9EED1F5C0}.AppStore|x86.ActiveCfg = Release|Any CPU
		{B16BB78D-7625-450B-92E7-FBB9EED1F5C0}.AppStore|x86.Build.0 = Release|Any CPU
		{B16BB78D-7625-450B-92E7-FBB9EED1F5C0}.Debug|Any CPU.ActiveCfg = Debug|Any CPU
		{B16BB78D-7625-450B-92E7-FBB9EED1F5C0}.Debug|Any CPU.Build.0 = Debug|Any CPU
		{B16BB78D-7625-450B-92E7-FBB9EED1F5C0}.Debug|ARM.ActiveCfg = Debug|Any CPU
		{B16BB78D-7625-450B-92E7-FBB9EED1F5C0}.Debug|ARM.Build.0 = Debug|Any CPU
		{B16BB78D-7625-450B-92E7-FBB9EED1F5C0}.Debug|iPhone.ActiveCfg = Debug|Any CPU
		{B16BB78D-7625-450B-92E7-FBB9EED1F5C0}.Debug|iPhone.Build.0 = Debug|Any CPU
		{B16BB78D-7625-450B-92E7-FBB9EED1F5C0}.Debug|iPhoneSimulator.ActiveCfg = Debug|Any CPU
		{B16BB78D-7625-450B-92E7-FBB9EED1F5C0}.Debug|iPhoneSimulator.Build.0 = Debug|Any CPU
		{B16BB78D-7625-450B-92E7-FBB9EED1F5C0}.Debug|x64.ActiveCfg = Debug|Any CPU
		{B16BB78D-7625-450B-92E7-FBB9EED1F5C0}.Debug|x64.Build.0 = Debug|Any CPU
		{B16BB78D-7625-450B-92E7-FBB9EED1F5C0}.Debug|x86.ActiveCfg = Debug|Any CPU
		{B16BB78D-7625-450B-92E7-FBB9EED1F5C0}.Debug|x86.Build.0 = Debug|Any CPU
		{B16BB78D-7625-450B-92E7-FBB9EED1F5C0}.Release|Any CPU.ActiveCfg = Release|Any CPU
		{B16BB78D-7625-450B-92E7-FBB9EED1F5C0}.Release|Any CPU.Build.0 = Release|Any CPU
		{B16BB78D-7625-450B-92E7-FBB9EED1F5C0}.Release|ARM.ActiveCfg = Release|Any CPU
		{B16BB78D-7625-450B-92E7-FBB9EED1F5C0}.Release|ARM.Build.0 = Release|Any CPU
		{B16BB78D-7625-450B-92E7-FBB9EED1F5C0}.Release|iPhone.ActiveCfg = Release|Any CPU
		{B16BB78D-7625-450B-92E7-FBB9EED1F5C0}.Release|iPhone.Build.0 = Release|Any CPU
		{B16BB78D-7625-450B-92E7-FBB9EED1F5C0}.Release|iPhoneSimulator.ActiveCfg = Release|Any CPU
		{B16BB78D-7625-450B-92E7-FBB9EED1F5C0}.Release|iPhoneSimulator.Build.0 = Release|Any CPU
		{B16BB78D-7625-450B-92E7-FBB9EED1F5C0}.Release|x64.ActiveCfg = Release|Any CPU
		{B16BB78D-7625-450B-92E7-FBB9EED1F5C0}.Release|x64.Build.0 = Release|Any CPU
		{B16BB78D-7625-450B-92E7-FBB9EED1F5C0}.Release|x86.ActiveCfg = Release|Any CPU
		{B16BB78D-7625-450B-92E7-FBB9EED1F5C0}.Release|x86.Build.0 = Release|Any CPU
	EndGlobalSection
	GlobalSection(SolutionProperties) = preSolution
		HideSolutionNode = FALSE
	EndGlobalSection
	GlobalSection(ExtensibilityGlobals) = postSolution
		SolutionGuid = {F5399188-2304-4703-A27B-E19C3C4F7F2B}
	EndGlobalSection
EndGlobal
